
Microsoft Visual Studio Solution File, Format Version 12.00
# Visual Studio 15
VisualStudioVersion = 15.0.26228.9
MinimumVisualStudioVersion = 10.0.40219.1
Project("{9A19103F-16F7-4668-BE54-9A1E7A4F7556}") = "lids.app", "lids.app\lids.app.csproj", "{1A4427D8-CEF1-46E9-91B1-D07ADC49AF15}"
EndProject
Project("{FAE04EC0-301F-11D3-BF4B-00C04F79EFBC}") = "lids.library", "lids.library\lids.library.csproj", "{CA88AE65-BB6F-4D84-85F3-4BFED5F1AFD5}"
EndProject
Global
	GlobalSection(SolutionConfigurationPlatforms) = preSolution
		Debug|Any CPU = Debug|Any CPU
		Release|Any CPU = Release|Any CPU
	EndGlobalSection
	GlobalSection(ProjectConfigurationPlatforms) = postSolution
		{1A4427D8-CEF1-46E9-91B1-D07ADC49AF15}.Debug|Any CPU.ActiveCfg = Debug|Any CPU
		{1A4427D8-CEF1-46E9-91B1-D07ADC49AF15}.Debug|Any CPU.Build.0 = Debug|Any CPU
		{1A4427D8-CEF1-46E9-91B1-D07ADC49AF15}.Release|Any CPU.ActiveCfg = Release|Any CPU
		{1A4427D8-CEF1-46E9-91B1-D07ADC49AF15}.Release|Any CPU.Build.0 = Release|Any CPU
		{CA88AE65-BB6F-4D84-85F3-4BFED5F1AFD5}.Debug|Any CPU.ActiveCfg = Debug|Any CPU
		{CA88AE65-BB6F-4D84-85F3-4BFED5F1AFD5}.Debug|Any CPU.Build.0 = Debug|Any CPU
		{CA88AE65-BB6F-4D84-85F3-4BFED5F1AFD5}.Release|Any CPU.ActiveCfg = Release|Any CPU
		{CA88AE65-BB6F-4D84-85F3-4BFED5F1AFD5}.Release|Any CPU.Build.0 = Release|Any CPU
	EndGlobalSection
	GlobalSection(SolutionProperties) = preSolution
		HideSolutionNode = FALSE
	EndGlobalSection
EndGlobal
